{
  "object": {
    "pins": [
      {
        "package": "FlatBuffers",
        "repositoryURL": "https://github.com/mustiikhalil/flatbuffers",
        "state": {
          "branch": null,
          "revision": "a7c9d1132b776e44617fc5997c2680a28a2a26a1",
          "version": "0.7.1"
        }
      }
    ]
  },
  "version": 1
}
