// !$*UTF8*$!
{
	archiveVersion = 1;
	classes = {
	};
	objectVersion = 52;
	objects = {

/* Begin PBXBuildFile section */
		DF6CE37824EAC63400A8DA45 /* ShadowView.swift in Sources */ = {isa = PBXBuildFile; fileRef = DF6CE37724EAC63400A8DA45 /* ShadowView.swift */; };
		DF6CE37A24EAC93100A8DA45 /* GridView.swift in Sources */ = {isa = PBXBuildFile; fileRef = DF6CE37924EAC93100A8DA45 /* GridView.swift */; };
		DF6CE37C24EACD5600A8DA45 /* GridViewModel.swift in Sources */ = {isa = PBXBuildFile; fileRef = DF6CE37B24EACD5600A8DA45 /* GridViewModel.swift */; };
		DFC3513124E96254009388B8 /* FavoriteplaceApp.swift in Sources */ = {isa = PBXBuildFile; fileRef = DFC3513024E96254009388B8 /* FavoriteplaceApp.swift */; };
		DFC3513524E96256009388B8 /* Assets.xcassets in Resources */ = {isa = PBXBuildFile; fileRef = DFC3513424E96256009388B8 /* Assets.xcassets */; };
		DFC3513824E96256009388B8 /* Preview Assets.xcassets in Resources */ = {isa = PBXBuildFile; fileRef = DFC3513724E96256009388B8 /* Preview Assets.xcassets */; };
		DFC3514024E97E71009388B8 /* ImageCircleView.swift in Sources */ = {isa = PBXBuildFile; fileRef = DFC3513F24E97E71009388B8 /* ImageCircleView.swift */; };
		DFC3514324E999D4009388B8 /* MapView.swift in Sources */ = {isa = PBXBuildFile; fileRef = DFC3514224E999D4009388B8 /* MapView.swift */; };
		DFC3514524E99A87009388B8 /* InfoView.swift in Sources */ = {isa = PBXBuildFile; fileRef = DFC3514424E99A87009388B8 /* InfoView.swift */; };
		DFC3514724E99AA0009388B8 /* DetailsView.swift in Sources */ = {isa = PBXBuildFile; fileRef = DFC3514624E99AA0009388B8 /* DetailsView.swift */; };
		DFC3515624E99BF1009388B8 /* turtlerock.jpg in Resources */ = {isa = PBXBuildFile; fileRef = DFC3514924E99BF1009388B8 /* turtlerock.jpg */; };
		DFC3515724E99BF1009388B8 /* silversalmoncreek.jpg in Resources */ = {isa = PBXBuildFile; fileRef = DFC3514A24E99BF1009388B8 /* silversalmoncreek.jpg */; };
		DFC3515824E99BF1009388B8 /* icybay.jpg in Resources */ = {isa = PBXBuildFile; fileRef = DFC3514B24E99BF1009388B8 /* icybay.jpg */; };
		DFC3515924E99BF1009388B8 /* lakemcdonald.jpg in Resources */ = {isa = PBXBuildFile; fileRef = DFC3514C24E99BF1009388B8 /* lakemcdonald.jpg */; };
		DFC3515A24E99BF1009388B8 /* hiddenlake.jpg in Resources */ = {isa = PBXBuildFile; fileRef = DFC3514D24E99BF1009388B8 /* hiddenlake.jpg */; };
		DFC3515B24E99BF1009388B8 /* twinlake.jpg in Resources */ = {isa = PBXBuildFile; fileRef = DFC3514E24E99BF1009388B8 /* twinlake.jpg */; };
		DFC3515C24E99BF1009388B8 /* umbagog.jpg in Resources */ = {isa = PBXBuildFile; fileRef = DFC3514F24E99BF1009388B8 /* umbagog.jpg */; };
		DFC3515E24E99BF1009388B8 /* chincoteague.jpg in Resources */ = {isa = PBXBuildFile; fileRef = DFC3515124E99BF1009388B8 /* chincoteague.jpg */; };
		DFC3515F24E99BF1009388B8 /* yukon_charleyrivers.jpg in Resources */ = {isa = PBXBuildFile; fileRef = DFC3515224E99BF1009388B8 /* yukon_charleyrivers.jpg */; };
		DFC3516024E99BF1009388B8 /* stmarylake.jpg in Resources */ = {isa = PBXBuildFile; fileRef = DFC3515324E99BF1009388B8 /* stmarylake.jpg */; };
		DFC3516124E99BF1009388B8 /* chilkoottrail.jpg in Resources */ = {isa = PBXBuildFile; fileRef = DFC3515424E99BF1009388B8 /* chilkoottrail.jpg */; };
		DFC3516224E99BF1009388B8 /* rainbowlake.jpg in Resources */ = {isa = PBXBuildFile; fileRef = DFC3515524E99BF1009388B8 /* rainbowlake.jpg */; };
		DFC3516524E99C75009388B8 /* Store.swift in Sources */ = {isa = PBXBuildFile; fileRef = DFC3516424E99C75009388B8 /* Store.swift */; };
		DFCB75E324E9CF9100D22B96 /* places_generated.swift in Sources */ = {isa = PBXBuildFile; fileRef = DFCB75E224E9CF9100D22B96 /* places_generated.swift */; };
		DFCB75E624E9CFC400D22B96 /* FlatBuffers in Frameworks */ = {isa = PBXBuildFile; productRef = DFCB75E524E9CFC400D22B96 /* FlatBuffers */; };
		DFCB75EB24E9D61500D22B96 /* data.mon in Resources */ = {isa = PBXBuildFile; fileRef = DFCB75EA24E9D61500D22B96 /* data.mon */; };
		DFCB75ED24E9D68900D22B96 /* Landmarks.swift in Sources */ = {isa = PBXBuildFile; fileRef = DFCB75EC24E9D68900D22B96 /* Landmarks.swift */; };
		DFCB75EF24E9D6AE00D22B96 /* places_extension.swift in Sources */ = {isa = PBXBuildFile; fileRef = DFCB75EE24E9D6AE00D22B96 /* places_extension.swift */; };
		DFCB75F324EABE9300D22B96 /* PlacesCellView.swift in Sources */ = {isa = PBXBuildFile; fileRef = DFCB75F224EABE9300D22B96 /* PlacesCellView.swift */; };
		DFCB75F624EAC1D800D22B96 /* ImageStore.swift in Sources */ = {isa = PBXBuildFile; fileRef = DFCB75F524EAC1D800D22B96 /* ImageStore.swift */; };
/* End PBXBuildFile section */

/* Begin PBXFileReference section */
		DF6CE37724EAC63400A8DA45 /* ShadowView.swift */ = {isa = PBXFileReference; lastKnownFileType = sourcecode.swift; path = ShadowView.swift; sourceTree = "<group>"; };
		DF6CE37924EAC93100A8DA45 /* GridView.swift */ = {isa = PBXFileReference; lastKnownFileType = sourcecode.swift; path = GridView.swift; sourceTree = "<group>"; };
		DF6CE37B24EACD5600A8DA45 /* GridViewModel.swift */ = {isa = PBXFileReference; lastKnownFileType = sourcecode.swift; path = GridViewModel.swift; sourceTree = "<group>"; };
		DFC3512D24E96254009388B8 /* Favoriteplace.app */ = {isa = PBXFileReference; explicitFileType = wrapper.application; includeInIndex = 0; path = Favoriteplace.app; sourceTree = BUILT_PRODUCTS_DIR; };
		DFC3513024E96254009388B8 /* FavoriteplaceApp.swift */ = {isa = PBXFileReference; lastKnownFileType = sourcecode.swift; path = FavoriteplaceApp.swift; sourceTree = "<group>"; };
		DFC3513424E96256009388B8 /* Assets.xcassets */ = {isa = PBXFileReference; lastKnownFileType = folder.assetcatalog; path = Assets.xcassets; sourceTree = "<group>"; };
		DFC3513724E96256009388B8 /* Preview Assets.xcassets */ = {isa = PBXFileReference; lastKnownFileType = folder.assetcatalog; path = "Preview Assets.xcassets"; sourceTree = "<group>"; };
		DFC3513924E96256009388B8 /* Info.plist */ = {isa = PBXFileReference; lastKnownFileType = text.plist.xml; path = Info.plist; sourceTree = "<group>"; };
		DFC3513F24E97E71009388B8 /* ImageCircleView.swift */ = {isa = PBXFileReference; lastKnownFileType = sourcecode.swift; path = ImageCircleView.swift; sourceTree = "<group>"; };
		DFC3514224E999D4009388B8 /* MapView.swift */ = {isa = PBXFileReference; lastKnownFileType = sourcecode.swift; path = MapView.swift; sourceTree = "<group>"; };
		DFC3514424E99A87009388B8 /* InfoView.swift */ = {isa = PBXFileReference; lastKnownFileType = sourcecode.swift; path = InfoView.swift; sourceTree = "<group>"; };
		DFC3514624E99AA0009388B8 /* DetailsView.swift */ = {isa = PBXFileReference; lastKnownFileType = sourcecode.swift; path = DetailsView.swift; sourceTree = "<group>"; };
		DFC3514924E99BF1009388B8 /* turtlerock.jpg */ = {isa = PBXFileReference; lastKnownFileType = image.jpeg; path = turtlerock.jpg; sourceTree = "<group>"; };
		DFC3514A24E99BF1009388B8 /* silversalmoncreek.jpg */ = {isa = PBXFileReference; lastKnownFileType = image.jpeg; path = silversalmoncreek.jpg; sourceTree = "<group>"; };
		DFC3514B24E99BF1009388B8 /* icybay.jpg */ = {isa = PBXFileReference; lastKnownFileType = image.jpeg; path = icybay.jpg; sourceTree = "<group>"; };
		DFC3514C24E99BF1009388B8 /* lakemcdonald.jpg */ = {isa = PBXFileReference; lastKnownFileType = image.jpeg; path = lakemcdonald.jpg; sourceTree = "<group>"; };
		DFC3514D24E99BF1009388B8 /* hiddenlake.jpg */ = {isa = PBXFileReference; lastKnownFileType = image.jpeg; path = hiddenlake.jpg; sourceTree = "<group>"; };
		DFC3514E24E99BF1009388B8 /* twinlake.jpg */ = {isa = PBXFileReference; lastKnownFileType = image.jpeg; path = twinlake.jpg; sourceTree = "<group>"; };
		DFC3514F24E99BF1009388B8 /* umbagog.jpg */ = {isa = PBXFileReference; lastKnownFileType = image.jpeg; path = umbagog.jpg; sourceTree = "<group>"; };
		DFC3515124E99BF1009388B8 /* chincoteague.jpg */ = {isa = PBXFileReference; lastKnownFileType = image.jpeg; path = chincoteague.jpg; sourceTree = "<group>"; };
		DFC3515224E99BF1009388B8 /* yukon_charleyrivers.jpg */ = {isa = PBXFileReference; lastKnownFileType = image.jpeg; path = yukon_charleyrivers.jpg; sourceTree = "<group>"; };
		DFC3515324E99BF1009388B8 /* stmarylake.jpg */ = {isa = PBXFileReference; lastKnownFileType = image.jpeg; path = stmarylake.jpg; sourceTree = "<group>"; };
		DFC3515424E99BF1009388B8 /* chilkoottrail.jpg */ = {isa = PBXFileReference; lastKnownFileType = image.jpeg; path = chilkoottrail.jpg; sourceTree = "<group>"; };
		DFC3515524E99BF1009388B8 /* rainbowlake.jpg */ = {isa = PBXFileReference; lastKnownFileType = image.jpeg; path = rainbowlake.jpg; sourceTree = "<group>"; };
		DFC3516424E99C75009388B8 /* Store.swift */ = {isa = PBXFileReference; lastKnownFileType = sourcecode.swift; path = Store.swift; sourceTree = "<group>"; };
		DFCB75E224E9CF9100D22B96 /* places_generated.swift */ = {isa = PBXFileReference; fileEncoding = 4; lastKnownFileType = sourcecode.swift; path = places_generated.swift; sourceTree = "<group>"; };
		DFCB75EA24E9D61500D22B96 /* data.mon */ = {isa = PBXFileReference; lastKnownFileType = file; path = data.mon; sourceTree = "<group>"; };
		DFCB75EC24E9D68900D22B96 /* Landmarks.swift */ = {isa = PBXFileReference; lastKnownFileType = sourcecode.swift; path = Landmarks.swift; sourceTree = "<group>"; };
		DFCB75EE24E9D6AE00D22B96 /* places_extension.swift */ = {isa = PBXFileReference; lastKnownFileType = sourcecode.swift; path = places_extension.swift; sourceTree = "<group>"; };
		DFCB75F224EABE9300D22B96 /* PlacesCellView.swift */ = {isa = PBXFileReference; lastKnownFileType = sourcecode.swift; path = PlacesCellView.swift; sourceTree = "<group>"; };
		DFCB75F524EAC1D800D22B96 /* ImageStore.swift */ = {isa = PBXFileReference; lastKnownFileType = sourcecode.swift; path = ImageStore.swift; sourceTree = "<group>"; };
/* End PBXFileReference section */

/* Begin PBXFrameworksBuildPhase section */
		DFC3512A24E96254009388B8 /* Frameworks */ = {
			isa = PBXFrameworksBuildPhase;
			buildActionMask = 2147483647;
			files = (
				DFCB75E624E9CFC400D22B96 /* FlatBuffers in Frameworks */,
			);
			runOnlyForDeploymentPostprocessing = 0;
		};
/* End PBXFrameworksBuildPhase section */

/* Begin PBXGroup section */
		DF6CE37D24EACD6800A8DA45 /* ViewModels */ = {
			isa = PBXGroup;
			children = (
				DF6CE37B24EACD5600A8DA45 /* GridViewModel.swift */,
			);
			path = ViewModels;
			sourceTree = "<group>";
		};
		DFC3512424E96254009388B8 = {
			isa = PBXGroup;
			children = (
				DFC3512F24E96254009388B8 /* Favoriteplace */,
				DFC3512E24E96254009388B8 /* Products */,
			);
			sourceTree = "<group>";
		};
		DFC3512E24E96254009388B8 /* Products */ = {
			isa = PBXGroup;
			children = (
				DFC3512D24E96254009388B8 /* Favoriteplace.app */,
			);
			name = Products;
			sourceTree = "<group>";
		};
		DFC3512F24E96254009388B8 /* Favoriteplace */ = {
			isa = PBXGroup;
			children = (
				DF6CE37D24EACD6800A8DA45 /* ViewModels */,
				DFCB75F424EAC1C900D22B96 /* Stores */,
				DFC3516324E99C25009388B8 /* Models */,
				DFC3514824E99BF1009388B8 /* Resources */,
				DFC3514124E999C9009388B8 /* Views */,
				DFC3513024E96254009388B8 /* FavoriteplaceApp.swift */,
				DFC3513424E96256009388B8 /* Assets.xcassets */,
				DFC3513924E96256009388B8 /* Info.plist */,
				DFC3513624E96256009388B8 /* Preview Content */,
			);
			path = Favoriteplace;
			sourceTree = "<group>";
		};
		DFC3513624E96256009388B8 /* Preview Content */ = {
			isa = PBXGroup;
			children = (
				DFC3513724E96256009388B8 /* Preview Assets.xcassets */,
			);
			path = "Preview Content";
			sourceTree = "<group>";
		};
		DFC3514124E999C9009388B8 /* Views */ = {
			isa = PBXGroup;
			children = (
				DFC3513F24E97E71009388B8 /* ImageCircleView.swift */,
				DFC3514224E999D4009388B8 /* MapView.swift */,
				DFC3514424E99A87009388B8 /* InfoView.swift */,
				DFC3514624E99AA0009388B8 /* DetailsView.swift */,
				DFCB75F224EABE9300D22B96 /* PlacesCellView.swift */,
				DF6CE37724EAC63400A8DA45 /* ShadowView.swift */,
				DF6CE37924EAC93100A8DA45 /* GridView.swift */,
			);
			path = Views;
			sourceTree = "<group>";
		};
		DFC3514824E99BF1009388B8 /* Resources */ = {
			isa = PBXGroup;
			children = (
				DFCB75EA24E9D61500D22B96 /* data.mon */,
				DFC3514924E99BF1009388B8 /* turtlerock.jpg */,
				DFC3514A24E99BF1009388B8 /* silversalmoncreek.jpg */,
				DFC3514B24E99BF1009388B8 /* icybay.jpg */,
				DFC3514C24E99BF1009388B8 /* lakemcdonald.jpg */,
				DFC3514D24E99BF1009388B8 /* hiddenlake.jpg */,
				DFC3514E24E99BF1009388B8 /* twinlake.jpg */,
				DFC3514F24E99BF1009388B8 /* umbagog.jpg */,
				DFC3515124E99BF1009388B8 /* chincoteague.jpg */,
				DFC3515224E99BF1009388B8 /* yukon_charleyrivers.jpg */,
				DFC3515324E99BF1009388B8 /* stmarylake.jpg */,
				DFC3515424E99BF1009388B8 /* chilkoottrail.jpg */,
				DFC3515524E99BF1009388B8 /* rainbowlake.jpg */,
			);
			path = Resources;
			sourceTree = "<group>";
		};
		DFC3516324E99C25009388B8 /* Models */ = {
			isa = PBXGroup;
			children = (
				DFCB75E224E9CF9100D22B96 /* places_generated.swift */,
				DFCB75EC24E9D68900D22B96 /* Landmarks.swift */,
				DFCB75EE24E9D6AE00D22B96 /* places_extension.swift */,
			);
			path = Models;
			sourceTree = "<group>";
		};
		DFCB75F424EAC1C900D22B96 /* Stores */ = {
			isa = PBXGroup;
			children = (
				DFC3516424E99C75009388B8 /* Store.swift */,
				DFCB75F524EAC1D800D22B96 /* ImageStore.swift */,
			);
			path = Stores;
			sourceTree = "<group>";
		};
/* End PBXGroup section */

/* Begin PBXNativeTarget section */
		DFC3512C24E96254009388B8 /* Favoriteplace */ = {
			isa = PBXNativeTarget;
			buildConfigurationList = DFC3513C24E96256009388B8 /* Build configuration list for PBXNativeTarget "Favoriteplace" */;
			buildPhases = (
				DFC3512924E96254009388B8 /* Sources */,
				DFC3512A24E96254009388B8 /* Frameworks */,
				DFC3512B24E96254009388B8 /* Resources */,
			);
			buildRules = (
			);
			dependencies = (
			);
			name = Favoriteplace;
			packageProductDependencies = (
				DFCB75E524E9CFC400D22B96 /* FlatBuffers */,
			);
			productName = Favoriteplace;
			productReference = DFC3512D24E96254009388B8 /* Favoriteplace.app */;
			productType = "com.apple.product-type.application";
		};
/* End PBXNativeTarget section */

/* Begin PBXProject section */
		DFC3512524E96254009388B8 /* Project object */ = {
			isa = PBXProject;
			attributes = {
				LastSwiftUpdateCheck = 1200;
				LastUpgradeCheck = 1200;
				TargetAttributes = {
					DFC3512C24E96254009388B8 = {
						CreatedOnToolsVersion = 12.0;
					};
				};
			};
			buildConfigurationList = DFC3512824E96254009388B8 /* Build configuration list for PBXProject "Favoriteplace" */;
			compatibilityVersion = "Xcode 9.3";
			developmentRegion = en;
			hasScannedForEncodings = 0;
			knownRegions = (
				en,
				Base,
			);
			mainGroup = DFC3512424E96254009388B8;
			packageReferences = (
				DFCB75E424E9CFC400D22B96 /* XCRemoteSwiftPackageReference "flatbuffers" */,
			);
			productRefGroup = DFC3512E24E96254009388B8 /* Products */;
			projectDirPath = "";
			projectRoot = "";
			targets = (
				DFC3512C24E96254009388B8 /* Favoriteplace */,
			);
		};
/* End PBXProject section */

/* Begin PBXResourcesBuildPhase section */
		DFC3512B24E96254009388B8 /* Resources */ = {
			isa = PBXResourcesBuildPhase;
			buildActionMask = 2147483647;
			files = (
				DFC3515924E99BF1009388B8 /* lakemcdonald.jpg in Resources */,
				DFC3516224E99BF1009388B8 /* rainbowlake.jpg in Resources */,
				DFC3513824E96256009388B8 /* Preview Assets.xcassets in Resources */,
				DFC3515B24E99BF1009388B8 /* twinlake.jpg in Resources */,
				DFC3516024E99BF1009388B8 /* stmarylake.jpg in Resources */,
				DFC3515724E99BF1009388B8 /* silversalmoncreek.jpg in Resources */,
				DFC3513524E96256009388B8 /* Assets.xcassets in Resources */,
				DFC3515824E99BF1009388B8 /* icybay.jpg in Resources */,
				DFC3515E24E99BF1009388B8 /* chincoteague.jpg in Resources */,
				DFCB75EB24E9D61500D22B96 /* data.mon in Resources */,
				DFC3516124E99BF1009388B8 /* chilkoottrail.jpg in Resources */,
				DFC3515C24E99BF1009388B8 /* umbagog.jpg in Resources */,
				DFC3515624E99BF1009388B8 /* turtlerock.jpg in Resources */,
				DFC3515F24E99BF1009388B8 /* yukon_charleyrivers.jpg in Resources */,
				DFC3515A24E99BF1009388B8 /* hiddenlake.jpg in Resources */,
			);
			runOnlyForDeploymentPostprocessing = 0;
		};
/* End PBXResourcesBuildPhase section */

/* Begin PBXSourcesBuildPhase section */
		DFC3512924E96254009388B8 /* Sources */ = {
			isa = PBXSourcesBuildPhase;
			buildActionMask = 2147483647;
			files = (
				DF6CE37824EAC63400A8DA45 /* ShadowView.swift in Sources */,
				DFCB75F624EAC1D800D22B96 /* ImageStore.swift in Sources */,
				DF6CE37C24EACD5600A8DA45 /* GridViewModel.swift in Sources */,
				DFC3516524E99C75009388B8 /* Store.swift in Sources */,
				DF6CE37A24EAC93100A8DA45 /* GridView.swift in Sources */,
				DFC3514324E999D4009388B8 /* MapView.swift in Sources */,
				DFCB75EF24E9D6AE00D22B96 /* places_extension.swift in Sources */,
				DFC3514024E97E71009388B8 /* ImageCircleView.swift in Sources */,
				DFC3514524E99A87009388B8 /* InfoView.swift in Sources */,
				DFC3513124E96254009388B8 /* FavoriteplaceApp.swift in Sources */,
				DFC3514724E99AA0009388B8 /* DetailsView.swift in Sources */,
				DFCB75ED24E9D68900D22B96 /* Landmarks.swift in Sources */,
				DFCB75F324EABE9300D22B96 /* PlacesCellView.swift in Sources */,
				DFCB75E324E9CF9100D22B96 /* places_generated.swift in Sources */,
			);
			runOnlyForDeploymentPostprocessing = 0;
		};
/* End PBXSourcesBuildPhase section */

/* Begin XCBuildConfiguration section */
		DFC3513A24E96256009388B8 /* Debug */ = {
			isa = XCBuildConfiguration;
			buildSettings = {
				ALWAYS_SEARCH_USER_PATHS = NO;
				CLANG_ANALYZER_NONNULL = YES;
				CLANG_ANALYZER_NUMBER_OBJECT_CONVERSION = YES_AGGRESSIVE;
				CLANG_CXX_LANGUAGE_STANDARD = "gnu++14";
				CLANG_CXX_LIBRARY = "libc++";
				CLANG_ENABLE_MODULES = YES;
				CLANG_ENABLE_OBJC_ARC = YES;
				CLANG_ENABLE_OBJC_WEAK = YES;
				CLANG_WARN_BLOCK_CAPTURE_AUTORELEASING = YES;
				CLANG_WARN_BOOL_CONVERSION = YES;
				CLANG_WARN_COMMA = YES;
				CLANG_WARN_CONSTANT_CONVERSION = YES;
				CLANG_WARN_DEPRECATED_OBJC_IMPLEMENTATIONS = YES;
				CLANG_WARN_DIRECT_OBJC_ISA_USAGE = YES_ERROR;
				CLANG_WARN_DOCUMENTATION_COMMENTS = YES;
				CLANG_WARN_EMPTY_BODY = YES;
				CLANG_WARN_ENUM_CONVERSION = YES;
				CLANG_WARN_INFINITE_RECURSION = YES;
				CLANG_WARN_INT_CONVERSION = YES;
				CLANG_WARN_NON_LITERAL_NULL_CONVERSION = YES;
				CLANG_WARN_OBJC_IMPLICIT_RETAIN_SELF = YES;
				CLANG_WARN_OBJC_LITERAL_CONVERSION = YES;
				CLANG_WARN_OBJC_ROOT_CLASS = YES_ERROR;
				CLANG_WARN_QUOTED_INCLUDE_IN_FRAMEWORK_HEADER = YES;
				CLANG_WARN_RANGE_LOOP_ANALYSIS = YES;
				CLANG_WARN_STRICT_PROTOTYPES = YES;
				CLANG_WARN_SUSPICIOUS_MOVE = YES;
				CLANG_WARN_UNGUARDED_AVAILABILITY = YES_AGGRESSIVE;
				CLANG_WARN_UNREACHABLE_CODE = YES;
				CLANG_WARN__DUPLICATE_METHOD_MATCH = YES;
				COPY_PHASE_STRIP = NO;
				DEBUG_INFORMATION_FORMAT = dwarf;
				ENABLE_STRICT_OBJC_MSGSEND = YES;
				ENABLE_TESTABILITY = YES;
				GCC_C_LANGUAGE_STANDARD = gnu11;
				GCC_DYNAMIC_NO_PIC = NO;
				GCC_NO_COMMON_BLOCKS = YES;
				GCC_OPTIMIZATION_LEVEL = 0;
				GCC_PREPROCESSOR_DEFINITIONS = (
					"DEBUG=1",
					"$(inherited)",
				);
				GCC_WARN_64_TO_32_BIT_CONVERSION = YES;
				GCC_WARN_ABOUT_RETURN_TYPE = YES_ERROR;
				GCC_WARN_UNDECLARED_SELECTOR = YES;
				GCC_WARN_UNINITIALIZED_AUTOS = YES_AGGRESSIVE;
				GCC_WARN_UNUSED_FUNCTION = YES;
				GCC_WARN_UNUSED_VARIABLE = YES;
				IPHONEOS_DEPLOYMENT_TARGET = 14.0;
				MTL_ENABLE_DEBUG_INFO = INCLUDE_SOURCE;
				MTL_FAST_MATH = YES;
				ONLY_ACTIVE_ARCH = YES;
				SDKROOT = iphoneos;
				SWIFT_ACTIVE_COMPILATION_CONDITIONS = DEBUG;
				SWIFT_OPTIMIZATION_LEVEL = "-Onone";
			};
			name = Debug;
		};
		DFC3513B24E96256009388B8 /* Release */ = {
			isa = XCBuildConfiguration;
			buildSettings = {
				ALWAYS_SEARCH_USER_PATHS = NO;
				CLANG_ANALYZER_NONNULL = YES;
				CLANG_ANALYZER_NUMBER_OBJECT_CONVERSION = YES_AGGRESSIVE;
				CLANG_CXX_LANGUAGE_STANDARD = "gnu++14";
				CLANG_CXX_LIBRARY = "libc++";
				CLANG_ENABLE_MODULES = YES;
				CLANG_ENABLE_OBJC_ARC = YES;
				CLANG_ENABLE_OBJC_WEAK = YES;
				CLANG_WARN_BLOCK_CAPTURE_AUTORELEASING = YES;
				CLANG_WARN_BOOL_CONVERSION = YES;
				CLANG_WARN_COMMA = YES;
				CLANG_WARN_CONSTANT_CONVERSION = YES;
				CLANG_WARN_DEPRECATED_OBJC_IMPLEMENTATIONS = YES;
				CLANG_WARN_DIRECT_OBJC_ISA_USAGE = YES_ERROR;
				CLANG_WARN_DOCUMENTATION_COMMENTS = YES;
				CLANG_WARN_EMPTY_BODY = YES;
				CLANG_WARN_ENUM_CONVERSION = YES;
				CLANG_WARN_INFINITE_RECURSION = YES;
				CLANG_WARN_INT_CONVERSION = YES;
				CLANG_WARN_NON_LITERAL_NULL_CONVERSION = YES;
				CLANG_WARN_OBJC_IMPLICIT_RETAIN_SELF = YES;
				CLANG_WARN_OBJC_LITERAL_CONVERSION = YES;
				CLANG_WARN_OBJC_ROOT_CLASS = YES_ERROR;
				CLANG_WARN_QUOTED_INCLUDE_IN_FRAMEWORK_HEADER = YES;
				CLANG_WARN_RANGE_LOOP_ANALYSIS = YES;
				CLANG_WARN_STRICT_PROTOTYPES = YES;
				CLANG_WARN_SUSPICIOUS_MOVE = YES;
				CLANG_WARN_UNGUARDED_AVAILABILITY = YES_AGGRESSIVE;
				CLANG_WARN_UNREACHABLE_CODE = YES;
				CLANG_WARN__DUPLICATE_METHOD_MATCH = YES;
				COPY_PHASE_STRIP = NO;
				DEBUG_INFORMATION_FORMAT = "dwarf-with-dsym";
				ENABLE_NS_ASSERTIONS = NO;
				ENABLE_STRICT_OBJC_MSGSEND = YES;
				GCC_C_LANGUAGE_STANDARD = gnu11;
				GCC_NO_COMMON_BLOCKS = YES;
				GCC_WARN_64_TO_32_BIT_CONVERSION = YES;
				GCC_WARN_ABOUT_RETURN_TYPE = YES_ERROR;
				GCC_WARN_UNDECLARED_SELECTOR = YES;
				GCC_WARN_UNINITIALIZED_AUTOS = YES_AGGRESSIVE;
				GCC_WARN_UNUSED_FUNCTION = YES;
				GCC_WARN_UNUSED_VARIABLE = YES;
				IPHONEOS_DEPLOYMENT_TARGET = 14.0;
				MTL_ENABLE_DEBUG_INFO = NO;
				MTL_FAST_MATH = YES;
				SDKROOT = iphoneos;
				SWIFT_COMPILATION_MODE = wholemodule;
				SWIFT_OPTIMIZATION_LEVEL = "-O";
				VALIDATE_PRODUCT = YES;
			};
			name = Release;
		};
		DFC3513D24E96256009388B8 /* Debug */ = {
			isa = XCBuildConfiguration;
			buildSettings = {
				ASSETCATALOG_COMPILER_APPICON_NAME = AppIcon;
				ASSETCATALOG_COMPILER_GLOBAL_ACCENT_COLOR_NAME = AccentColor;
				CODE_SIGN_STYLE = Automatic;
				DEVELOPMENT_ASSET_PATHS = "\"Favoriteplace/Preview Content\"";
				DEVELOPMENT_TEAM = 8QAD36SMXZ;
				ENABLE_PREVIEWS = YES;
				INFOPLIST_FILE = Favoriteplace/Info.plist;
				IPHONEOS_DEPLOYMENT_TARGET = 14.0;
				LD_RUNPATH_SEARCH_PATHS = (
					"$(inherited)",
					"@executable_path/Frameworks",
				);
				PRODUCT_BUNDLE_IDENTIFIER = space.mmk.Favoriteplace;
				PRODUCT_NAME = "$(TARGET_NAME)";
				SWIFT_VERSION = 5.0;
				TARGETED_DEVICE_FAMILY = "1,2";
			};
			name = Debug;
		};
		DFC3513E24E96256009388B8 /* Release */ = {
			isa = XCBuildConfiguration;
			buildSettings = {
				ASSETCATALOG_COMPILER_APPICON_NAME = AppIcon;
				ASSETCATALOG_COMPILER_GLOBAL_ACCENT_COLOR_NAME = AccentColor;
				CODE_SIGN_STYLE = Automatic;
				DEVELOPMENT_ASSET_PATHS = "\"Favoriteplace/Preview Content\"";
				DEVELOPMENT_TEAM = 8QAD36SMXZ;
				ENABLE_PREVIEWS = YES;
				INFOPLIST_FILE = Favoriteplace/Info.plist;
				IPHONEOS_DEPLOYMENT_TARGET = 14.0;
				LD_RUNPATH_SEARCH_PATHS = (
					"$(inherited)",
					"@executable_path/Frameworks",
				);
				PRODUCT_BUNDLE_IDENTIFIER = space.mmk.Favoriteplace;
				PRODUCT_NAME = "$(TARGET_NAME)";
				SWIFT_VERSION = 5.0;
				TARGETED_DEVICE_FAMILY = "1,2";
			};
			name = Release;
		};
/* End XCBuildConfiguration section */

/* Begin XCConfigurationList section */
		DFC3512824E96254009388B8 /* Build configuration list for PBXProject "Favoriteplace" */ = {
			isa = XCConfigurationList;
			buildConfigurations = (
				DFC3513A24E96256009388B8 /* Debug */,
				DFC3513B24E96256009388B8 /* Release */,
			);
			defaultConfigurationIsVisible = 0;
			defaultConfigurationName = Release;
		};
		DFC3513C24E96256009388B8 /* Build configuration list for PBXNativeTarget "Favoriteplace" */ = {
			isa = XCConfigurationList;
			buildConfigurations = (
				DFC3513D24E96256009388B8 /* Debug */,
				DFC3513E24E96256009388B8 /* Release */,
			);
			defaultConfigurationIsVisible = 0;
			defaultConfigurationName = Release;
		};
/* End XCConfigurationList section */

/* Begin XCRemoteSwiftPackageReference section */
		DFCB75E424E9CFC400D22B96 /* XCRemoteSwiftPackageReference "flatbuffers" */ = {
			isa = XCRemoteSwiftPackageReference;
			repositoryURL = "https://github.com/mustiikhalil/flatbuffers";
			requirement = {
				kind = upToNextMajorVersion;
				minimumVersion = 0.7.1;
			};
		};
/* End XCRemoteSwiftPackageReference section */

/* Begin XCSwiftPackageProductDependency section */
		DFCB75E524E9CFC400D22B96 /* FlatBuffers */ = {
			isa = XCSwiftPackageProductDependency;
			package = DFCB75E424E9CFC400D22B96 /* XCRemoteSwiftPackageReference "flatbuffers" */;
			productName = FlatBuffers;
		};
/* End XCSwiftPackageProductDependency section */
	};
	rootObject = DFC3512524E96254009388B8 /* Project object */;
}
